// !$*UTF8*$!
{
	archiveVersion = 1;
	classes = {
	};
	objectVersion = 46;
	objects = {

/* Begin PBXBuildFile section */
		0119543B1F0CEF4700E96163 /* DateFormatter+Extension.swift in Sources */ = {isa = PBXBuildFile; fileRef = 0119543A1F0CEF4700E96163 /* DateFormatter+Extension.swift */; };
		0119543D1F0CF54100E96163 /* PostVC+Extension.swift in Sources */ = {isa = PBXBuildFile; fileRef = 0119543C1F0CF54100E96163 /* PostVC+Extension.swift */; };
		014887F51F0F85F10002E331 /* MyAxisValueFormatter.swift in Sources */ = {isa = PBXBuildFile; fileRef = 014887F41F0F85F10002E331 /* MyAxisValueFormatter.swift */; };
		017158431DD8398B003D3652 /* MoreVC.swift in Sources */ = {isa = PBXBuildFile; fileRef = 017158421DD8398B003D3652 /* MoreVC.swift */; };
		017158461DD85226003D3652 /* MessageUI.framework in Frameworks */ = {isa = PBXBuildFile; fileRef = 017158451DD85226003D3652 /* MessageUI.framework */; settings = {ATTRIBUTES = (Required, ); }; };
		0171586F1DD87330003D3652 /* bottle_pop_3.wav in Resources */ = {isa = PBXBuildFile; fileRef = 0171586E1DD87330003D3652 /* bottle_pop_3.wav */; };
		017158711DD87334003D3652 /* cutting-paper-2.mp3 in Resources */ = {isa = PBXBuildFile; fileRef = 017158701DD87334003D3652 /* cutting-paper-2.mp3 */; };
		01A974D71DCB39BD00B522CD /* AppDelegate.swift in Sources */ = {isa = PBXBuildFile; fileRef = 01A974D61DCB39BD00B522CD /* AppDelegate.swift */; };
		01A974D91DCB39BD00B522CD /* MainVC.swift in Sources */ = {isa = PBXBuildFile; fileRef = 01A974D81DCB39BD00B522CD /* MainVC.swift */; };
		01A974DC1DCB39BD00B522CD /* Main.storyboard in Resources */ = {isa = PBXBuildFile; fileRef = 01A974DA1DCB39BD00B522CD /* Main.storyboard */; };
		01A974DF1DCB39BD00B522CD /* myAccountBook.xcdatamodeld in Sources */ = {isa = PBXBuildFile; fileRef = 01A974DD1DCB39BD00B522CD /* myAccountBook.xcdatamodeld */; };
		01A974E41DCB39BD00B522CD /* LaunchScreen.storyboard in Resources */ = {isa = PBXBuildFile; fileRef = 01A974E21DCB39BD00B522CD /* LaunchScreen.storyboard */; };
		01A974ED1DCB3AD800B522CD /* Record+CoreDataClass.swift in Sources */ = {isa = PBXBuildFile; fileRef = 01A974EB1DCB3AD800B522CD /* Record+CoreDataClass.swift */; };
		01A974F31DCB414400B522CD /* PostVC.swift in Sources */ = {isa = PBXBuildFile; fileRef = 01A974F21DCB414400B522CD /* PostVC.swift */; };
		01B851A31EFA1E330067540E /* MainVC+Extension.swift in Sources */ = {isa = PBXBuildFile; fileRef = 01B851A21EFA1E330067540E /* MainVC+Extension.swift */; };
		01E983371F0D2D980021FEED /* UIButton+Extension.swift in Sources */ = {isa = PBXBuildFile; fileRef = 01E983361F0D2D980021FEED /* UIButton+Extension.swift */; };
		01E9833B1F0D34D60021FEED /* ChartVC.swift in Sources */ = {isa = PBXBuildFile; fileRef = 01E9833A1F0D34D60021FEED /* ChartVC.swift */; };
		01E9833D1F0E056B0021FEED /* String+Extension.swift in Sources */ = {isa = PBXBuildFile; fileRef = 01E9833C1F0E056A0021FEED /* String+Extension.swift */; };
		01E9833F1F0E4B710021FEED /* MyIndexFormatter.swift in Sources */ = {isa = PBXBuildFile; fileRef = 01E9833E1F0E4B710021FEED /* MyIndexFormatter.swift */; };
		01E983411F0E51740021FEED /* BaseVC.swift in Sources */ = {isa = PBXBuildFile; fileRef = 01E983401F0E51740021FEED /* BaseVC.swift */; };
		01F39F5A1DDA3ECA00B93C21 /* Assets.xcassets in Resources */ = {isa = PBXBuildFile; fileRef = 01F39F591DDA3ECA00B93C21 /* Assets.xcassets */; };
		951B792B7DA8CD4C428DF44B /* Pods_myAccountBook.framework in Frameworks */ = {isa = PBXBuildFile; fileRef = 6DC9E64C30F3DF944D8C622E /* Pods_myAccountBook.framework */; };
/* End PBXBuildFile section */

/* Begin PBXFileReference section */
		0119543A1F0CEF4700E96163 /* DateFormatter+Extension.swift */ = {isa = PBXFileReference; fileEncoding = 4; lastKnownFileType = sourcecode.swift; path = "DateFormatter+Extension.swift"; sourceTree = "<group>"; };
		0119543C1F0CF54100E96163 /* PostVC+Extension.swift */ = {isa = PBXFileReference; fileEncoding = 4; lastKnownFileType = sourcecode.swift; path = "PostVC+Extension.swift"; sourceTree = "<group>"; };
		014887F41F0F85F10002E331 /* MyAxisValueFormatter.swift */ = {isa = PBXFileReference; fileEncoding = 4; lastKnownFileType = sourcecode.swift; path = MyAxisValueFormatter.swift; sourceTree = "<group>"; };
		017158421DD8398B003D3652 /* MoreVC.swift */ = {isa = PBXFileReference; fileEncoding = 4; lastKnownFileType = sourcecode.swift; path = MoreVC.swift; sourceTree = "<group>"; };
		017158451DD85226003D3652 /* MessageUI.framework */ = {isa = PBXFileReference; lastKnownFileType = wrapper.framework; name = MessageUI.framework; path = System/Library/Frameworks/MessageUI.framework; sourceTree = SDKROOT; };
		0171586E1DD87330003D3652 /* bottle_pop_3.wav */ = {isa = PBXFileReference; lastKnownFileType = audio.wav; name = bottle_pop_3.wav; path = sounds/bottle_pop_3.wav; sourceTree = "<group>"; };
		017158701DD87334003D3652 /* cutting-paper-2.mp3 */ = {isa = PBXFileReference; lastKnownFileType = audio.mp3; name = "cutting-paper-2.mp3"; path = "sounds/cutting-paper-2.mp3"; sourceTree = "<group>"; };
		01A974D31DCB39BD00B522CD /* myAccountBook.app */ = {isa = PBXFileReference; explicitFileType = wrapper.application; includeInIndex = 0; path = myAccountBook.app; sourceTree = BUILT_PRODUCTS_DIR; };
		01A974D61DCB39BD00B522CD /* AppDelegate.swift */ = {isa = PBXFileReference; lastKnownFileType = sourcecode.swift; path = AppDelegate.swift; sourceTree = "<group>"; };
		01A974D81DCB39BD00B522CD /* MainVC.swift */ = {isa = PBXFileReference; lastKnownFileType = sourcecode.swift; path = MainVC.swift; sourceTree = "<group>"; };
		01A974DB1DCB39BD00B522CD /* Base */ = {isa = PBXFileReference; lastKnownFileType = file.storyboard; name = Base; path = Base.lproj/Main.storyboard; sourceTree = "<group>"; };
		01A974DE1DCB39BD00B522CD /* myAccountBook.xcdatamodel */ = {isa = PBXFileReference; lastKnownFileType = wrapper.xcdatamodel; path = myAccountBook.xcdatamodel; sourceTree = "<group>"; };
		01A974E31DCB39BD00B522CD /* Base */ = {isa = PBXFileReference; lastKnownFileType = file.storyboard; name = Base; path = Base.lproj/LaunchScreen.storyboard; sourceTree = "<group>"; };
		01A974E51DCB39BD00B522CD /* Info.plist */ = {isa = PBXFileReference; lastKnownFileType = text.plist.xml; path = Info.plist; sourceTree = "<group>"; };
		01A974EB1DCB3AD800B522CD /* Record+CoreDataClass.swift */ = {isa = PBXFileReference; fileEncoding = 4; lastKnownFileType = sourcecode.swift; path = "Record+CoreDataClass.swift"; sourceTree = "<group>"; };
		01A974F21DCB414400B522CD /* PostVC.swift */ = {isa = PBXFileReference; fileEncoding = 4; lastKnownFileType = sourcecode.swift; path = PostVC.swift; sourceTree = "<group>"; };
		01B851A21EFA1E330067540E /* MainVC+Extension.swift */ = {isa = PBXFileReference; fileEncoding = 4; lastKnownFileType = sourcecode.swift; path = "MainVC+Extension.swift"; sourceTree = "<group>"; };
		01E983361F0D2D980021FEED /* UIButton+Extension.swift */ = {isa = PBXFileReference; fileEncoding = 4; lastKnownFileType = sourcecode.swift; path = "UIButton+Extension.swift"; sourceTree = "<group>"; };
		01E983381F0D323F0021FEED /* zh-Hant */ = {isa = PBXFileReference; lastKnownFileType = text.plist.strings; name = "zh-Hant"; path = "zh-Hant.lproj/Main.strings"; sourceTree = "<group>"; };
		01E983391F0D323F0021FEED /* zh-Hant */ = {isa = PBXFileReference; lastKnownFileType = text.plist.strings; name = "zh-Hant"; path = "zh-Hant.lproj/LaunchScreen.strings"; sourceTree = "<group>"; };
		01E9833A1F0D34D60021FEED /* ChartVC.swift */ = {isa = PBXFileReference; fileEncoding = 4; lastKnownFileType = sourcecode.swift; path = ChartVC.swift; sourceTree = "<group>"; };
		01E9833C1F0E056A0021FEED /* String+Extension.swift */ = {isa = PBXFileReference; fileEncoding = 4; lastKnownFileType = sourcecode.swift; path = "String+Extension.swift"; sourceTree = "<group>"; };
		01E9833E1F0E4B710021FEED /* MyIndexFormatter.swift */ = {isa = PBXFileReference; fileEncoding = 4; lastKnownFileType = sourcecode.swift; path = MyIndexFormatter.swift; sourceTree = "<group>"; };
		01E983401F0E51740021FEED /* BaseVC.swift */ = {isa = PBXFileReference; fileEncoding = 4; lastKnownFileType = sourcecode.swift; path = BaseVC.swift; sourceTree = "<group>"; };
		01F39F591DDA3ECA00B93C21 /* Assets.xcassets */ = {isa = PBXFileReference; lastKnownFileType = folder.assetcatalog; path = Assets.xcassets; sourceTree = "<group>"; };
		40DF895F42E6C038CA10C933 /* Pods-myAccountBook.release.xcconfig */ = {isa = PBXFileReference; includeInIndex = 1; lastKnownFileType = text.xcconfig; name = "Pods-myAccountBook.release.xcconfig"; path = "Pods/Target Support Files/Pods-myAccountBook/Pods-myAccountBook.release.xcconfig"; sourceTree = "<group>"; };
		6DC9E64C30F3DF944D8C622E /* Pods_myAccountBook.framework */ = {isa = PBXFileReference; explicitFileType = wrapper.framework; includeInIndex = 0; path = Pods_myAccountBook.framework; sourceTree = BUILT_PRODUCTS_DIR; };
		EB6BD8F49A28009EBA02B1A3 /* Pods-myAccountBook.debug.xcconfig */ = {isa = PBXFileReference; includeInIndex = 1; lastKnownFileType = text.xcconfig; name = "Pods-myAccountBook.debug.xcconfig"; path = "Pods/Target Support Files/Pods-myAccountBook/Pods-myAccountBook.debug.xcconfig"; sourceTree = "<group>"; };
/* End PBXFileReference section */

/* Begin PBXFrameworksBuildPhase section */
		01A974D01DCB39BD00B522CD /* Frameworks */ = {
			isa = PBXFrameworksBuildPhase;
			buildActionMask = 2147483647;
			files = (
				017158461DD85226003D3652 /* MessageUI.framework in Frameworks */,
				951B792B7DA8CD4C428DF44B /* Pods_myAccountBook.framework in Frameworks */,
			);
			runOnlyForDeploymentPostprocessing = 0;
		};
/* End PBXFrameworksBuildPhase section */

/* Begin PBXGroup section */
		014887F81F112C060002E331 /* Extension */ = {
			isa = PBXGroup;
			children = (
				0119543A1F0CEF4700E96163 /* DateFormatter+Extension.swift */,
				01E983361F0D2D980021FEED /* UIButton+Extension.swift */,
				01E9833C1F0E056A0021FEED /* String+Extension.swift */,
			);
			name = Extension;
			sourceTree = "<group>";
		};
		017158441DD85226003D3652 /* Frameworks */ = {
			isa = PBXGroup;
			children = (
				017158451DD85226003D3652 /* MessageUI.framework */,
				6DC9E64C30F3DF944D8C622E /* Pods_myAccountBook.framework */,
			);
			name = Frameworks;
			sourceTree = "<group>";
		};
		01A974CA1DCB39BD00B522CD = {
			isa = PBXGroup;
			children = (
				01A974D51DCB39BD00B522CD /* myAccountBook */,
				01A974D41DCB39BD00B522CD /* Products */,
				017158441DD85226003D3652 /* Frameworks */,
				DA542E6587E122339D3944A4 /* Pods */,
			);
			sourceTree = "<group>";
		};
		01A974D41DCB39BD00B522CD /* Products */ = {
			isa = PBXGroup;
			children = (
				01A974D31DCB39BD00B522CD /* myAccountBook.app */,
			);
			name = Products;
			sourceTree = "<group>";
		};
		01A974D51DCB39BD00B522CD /* myAccountBook */ = {
			isa = PBXGroup;
			children = (
				01DCE9D61EDEBD7700CBCEC6 /* View */,
				01A974EF1DCB3B9900B522CD /* CoreData */,
				01A974F11DCB3BC500B522CD /* Controller */,
				014887F81F112C060002E331 /* Extension */,
				01F39F5B1DDDF48D00B93C21 /* Supporting Files */,
				01F39F5C1DDE044F00B93C21 /* Sounds */,
			);
			path = myAccountBook;
			sourceTree = "<group>";
		};
		01A974EF1DCB3B9900B522CD /* CoreData */ = {
			isa = PBXGroup;
			children = (
				01A974EB1DCB3AD800B522CD /* Record+CoreDataClass.swift */,
				01A974DD1DCB39BD00B522CD /* myAccountBook.xcdatamodeld */,
			);
			name = CoreData;
			sourceTree = "<group>";
		};
		01A974F11DCB3BC500B522CD /* Controller */ = {
			isa = PBXGroup;
			children = (
				01E983401F0E51740021FEED /* BaseVC.swift */,
				01A974D81DCB39BD00B522CD /* MainVC.swift */,
				01B851A21EFA1E330067540E /* MainVC+Extension.swift */,
				01A974F21DCB414400B522CD /* PostVC.swift */,
				0119543C1F0CF54100E96163 /* PostVC+Extension.swift */,
				017158421DD8398B003D3652 /* MoreVC.swift */,
				01E9833A1F0D34D60021FEED /* ChartVC.swift */,
			);
			name = Controller;
			sourceTree = "<group>";
		};
		01DCE9D61EDEBD7700CBCEC6 /* View */ = {
			isa = PBXGroup;
			children = (
				01A974DA1DCB39BD00B522CD /* Main.storyboard */,
				01A974E21DCB39BD00B522CD /* LaunchScreen.storyboard */,
			);
			name = View;
			sourceTree = "<group>";
		};
		01F39F5B1DDDF48D00B93C21 /* Supporting Files */ = {
			isa = PBXGroup;
			children = (
				01A974D61DCB39BD00B522CD /* AppDelegate.swift */,
				01F39F591DDA3ECA00B93C21 /* Assets.xcassets */,
				01A974E51DCB39BD00B522CD /* Info.plist */,
				01E9833E1F0E4B710021FEED /* MyIndexFormatter.swift */,
				014887F41F0F85F10002E331 /* MyAxisValueFormatter.swift */,
			);
			name = "Supporting Files";
			sourceTree = "<group>";
		};
		01F39F5C1DDE044F00B93C21 /* Sounds */ = {
			isa = PBXGroup;
			children = (
				0171586E1DD87330003D3652 /* bottle_pop_3.wav */,
				017158701DD87334003D3652 /* cutting-paper-2.mp3 */,
			);
			name = Sounds;
			sourceTree = "<group>";
		};
		DA542E6587E122339D3944A4 /* Pods */ = {
			isa = PBXGroup;
			children = (
				EB6BD8F49A28009EBA02B1A3 /* Pods-myAccountBook.debug.xcconfig */,
				40DF895F42E6C038CA10C933 /* Pods-myAccountBook.release.xcconfig */,
			);
			name = Pods;
			sourceTree = "<group>";
		};
/* End PBXGroup section */

/* Begin PBXNativeTarget section */
		01A974D21DCB39BD00B522CD /* myAccountBook */ = {
			isa = PBXNativeTarget;
			buildConfigurationList = 01A974E81DCB39BD00B522CD /* Build configuration list for PBXNativeTarget "myAccountBook" */;
			buildPhases = (
				EF2D404CE0114F4F5F0A4A72 /* [CP] Check Pods Manifest.lock */,
				01A974CF1DCB39BD00B522CD /* Sources */,
				01A974D01DCB39BD00B522CD /* Frameworks */,
				01A974D11DCB39BD00B522CD /* Resources */,
				D6EAA99E12444D17410C3342 /* [CP] Embed Pods Frameworks */,
				EA63C63A517D3C39F64E094E /* [CP] Copy Pods Resources */,
			);
			buildRules = (
			);
			dependencies = (
			);
			name = myAccountBook;
			productName = myAccountBook;
			productReference = 01A974D31DCB39BD00B522CD /* myAccountBook.app */;
			productType = "com.apple.product-type.application";
		};
/* End PBXNativeTarget section */

/* Begin PBXProject section */
		01A974CB1DCB39BD00B522CD /* Project object */ = {
			isa = PBXProject;
			attributes = {
				LastSwiftUpdateCheck = 0800;
				LastUpgradeCheck = 0830;
				ORGANIZATIONNAME = frankc;
				TargetAttributes = {
					01A974D21DCB39BD00B522CD = {
						CreatedOnToolsVersion = 8.0;
						DevelopmentTeam = 43L56WBEZP;
						ProvisioningStyle = Automatic;
					};
				};
			};
			buildConfigurationList = 01A974CE1DCB39BD00B522CD /* Build configuration list for PBXProject "myAccountBook" */;
			compatibilityVersion = "Xcode 3.2";
			developmentRegion = English;
			hasScannedForEncodings = 0;
			knownRegions = (
				en,
				Base,
			);
			mainGroup = 01A974CA1DCB39BD00B522CD;
			productRefGroup = 01A974D41DCB39BD00B522CD /* Products */;
			projectDirPath = "";
			projectRoot = "";
			targets = (
				01A974D21DCB39BD00B522CD /* myAccountBook */,
			);
		};
/* End PBXProject section */

/* Begin PBXResourcesBuildPhase section */
		01A974D11DCB39BD00B522CD /* Resources */ = {
			isa = PBXResourcesBuildPhase;
			buildActionMask = 2147483647;
			files = (
				0171586F1DD87330003D3652 /* bottle_pop_3.wav in Resources */,
				017158711DD87334003D3652 /* cutting-paper-2.mp3 in Resources */,
				01A974E41DCB39BD00B522CD /* LaunchScreen.storyboard in Resources */,
				01A974DC1DCB39BD00B522CD /* Main.storyboard in Resources */,
				01F39F5A1DDA3ECA00B93C21 /* Assets.xcassets in Resources */,
			);
			runOnlyForDeploymentPostprocessing = 0;
		};
/* End PBXResourcesBuildPhase section */

/* Begin PBXShellScriptBuildPhase section */
		D6EAA99E12444D17410C3342 /* [CP] Embed Pods Frameworks */ = {
			isa = PBXShellScriptBuildPhase;
			buildActionMask = 2147483647;
			files = (
			);
			inputPaths = (
			);
			name = "[CP] Embed Pods Frameworks";
			outputPaths = (
			);
			runOnlyForDeploymentPostprocessing = 0;
			shellPath = /bin/sh;
			shellScript = "\"${SRCROOT}/Pods/Target Support Files/Pods-myAccountBook/Pods-myAccountBook-frameworks.sh\"\n";
			showEnvVarsInLog = 0;
		};
		EA63C63A517D3C39F64E094E /* [CP] Copy Pods Resources */ = {
			isa = PBXShellScriptBuildPhase;
			buildActionMask = 2147483647;
			files = (
			);
			inputPaths = (
			);
			name = "[CP] Copy Pods Resources";
			outputPaths = (
			);
			runOnlyForDeploymentPostprocessing = 0;
			shellPath = /bin/sh;
			shellScript = "\"${SRCROOT}/Pods/Target Support Files/Pods-myAccountBook/Pods-myAccountBook-resources.sh\"\n";
			showEnvVarsInLog = 0;
		};
		EF2D404CE0114F4F5F0A4A72 /* [CP] Check Pods Manifest.lock */ = {
			isa = PBXShellScriptBuildPhase;
			buildActionMask = 2147483647;
			files = (
			);
			inputPaths = (
			);
			name = "[CP] Check Pods Manifest.lock";
			outputPaths = (
			);
			runOnlyForDeploymentPostprocessing = 0;
			shellPath = /bin/sh;
			shellScript = "diff \"${PODS_ROOT}/../Podfile.lock\" \"${PODS_ROOT}/Manifest.lock\" > /dev/null\nif [ $? != 0 ] ; then\n    # print error to STDERR\n    echo \"error: The sandbox is not in sync with the Podfile.lock. Run 'pod install' or update your CocoaPods installation.\" >&2\n    exit 1\nfi\n";
			showEnvVarsInLog = 0;
		};
/* End PBXShellScriptBuildPhase section */

/* Begin PBXSourcesBuildPhase section */
		01A974CF1DCB39BD00B522CD /* Sources */ = {
			isa = PBXSourcesBuildPhase;
			buildActionMask = 2147483647;
			files = (
				01E9833F1F0E4B710021FEED /* MyIndexFormatter.swift in Sources */,
				01B851A31EFA1E330067540E /* MainVC+Extension.swift in Sources */,
				01E9833B1F0D34D60021FEED /* ChartVC.swift in Sources */,
				01A974ED1DCB3AD800B522CD /* Record+CoreDataClass.swift in Sources */,
				0119543B1F0CEF4700E96163 /* DateFormatter+Extension.swift in Sources */,
				01E983411F0E51740021FEED /* BaseVC.swift in Sources */,
				01E9833D1F0E056B0021FEED /* String+Extension.swift in Sources */,
				01E983371F0D2D980021FEED /* UIButton+Extension.swift in Sources */,
				01A974D91DCB39BD00B522CD /* MainVC.swift in Sources */,
				017158431DD8398B003D3652 /* MoreVC.swift in Sources */,
				0119543D1F0CF54100E96163 /* PostVC+Extension.swift in Sources */,
				014887F51F0F85F10002E331 /* MyAxisValueFormatter.swift in Sources */,
				01A974DF1DCB39BD00B522CD /* myAccountBook.xcdatamodeld in Sources */,
				01A974D71DCB39BD00B522CD /* AppDelegate.swift in Sources */,
				01A974F31DCB414400B522CD /* PostVC.swift in Sources */,
			);
			runOnlyForDeploymentPostprocessing = 0;
		};
/* End PBXSourcesBuildPhase section */

/* Begin PBXVariantGroup section */
		01A974DA1DCB39BD00B522CD /* Main.storyboard */ = {
			isa = PBXVariantGroup;
			children = (
				01A974DB1DCB39BD00B522CD /* Base */,
				01E983381F0D323F0021FEED /* zh-Hant */,
			);
			name = Main.storyboard;
			sourceTree = "<group>";
		};
		01A974E21DCB39BD00B522CD /* LaunchScreen.storyboard */ = {
			isa = PBXVariantGroup;
			children = (
				01A974E31DCB39BD00B522CD /* Base */,
				01E983391F0D323F0021FEED /* zh-Hant */,
			);
			name = LaunchScreen.storyboard;
			sourceTree = "<group>";
		};
/* End PBXVariantGroup section */

/* Begin XCBuildConfiguration section */
		01A974E61DCB39BD00B522CD /* Debug */ = {
			isa = XCBuildConfiguration;
			buildSettings = {
				ALWAYS_SEARCH_USER_PATHS = NO;
				CLANG_ANALYZER_LOCALIZABILITY_NONLOCALIZED = YES;
				CLANG_ANALYZER_NONNULL = YES;
				CLANG_CXX_LANGUAGE_STANDARD = "gnu++0x";
				CLANG_CXX_LIBRARY = "libc++";
				CLANG_ENABLE_MODULES = YES;
				CLANG_ENABLE_OBJC_ARC = YES;
				CLANG_WARN_BOOL_CONVERSION = YES;
				CLANG_WARN_CONSTANT_CONVERSION = YES;
				CLANG_WARN_DIRECT_OBJC_ISA_USAGE = YES_ERROR;
				CLANG_WARN_DOCUMENTATION_COMMENTS = YES;
				CLANG_WARN_EMPTY_BODY = YES;
				CLANG_WARN_ENUM_CONVERSION = YES;
				CLANG_WARN_INFINITE_RECURSION = YES;
				CLANG_WARN_INT_CONVERSION = YES;
				CLANG_WARN_OBJC_ROOT_CLASS = YES_ERROR;
				CLANG_WARN_SUSPICIOUS_MOVE = YES;
				CLANG_WARN_SUSPICIOUS_MOVES = YES;
				CLANG_WARN_UNREACHABLE_CODE = YES;
				CLANG_WARN__DUPLICATE_METHOD_MATCH = YES;
				"CODE_SIGN_IDENTITY[sdk=iphoneos*]" = "iPhone Developer";
				COPY_PHASE_STRIP = NO;
				DEBUG_INFORMATION_FORMAT = dwarf;
				ENABLE_STRICT_OBJC_MSGSEND = YES;
				ENABLE_TESTABILITY = YES;
				GCC_C_LANGUAGE_STANDARD = gnu99;
				GCC_DYNAMIC_NO_PIC = NO;
				GCC_NO_COMMON_BLOCKS = YES;
				GCC_OPTIMIZATION_LEVEL = 0;
				GCC_PREPROCESSOR_DEFINITIONS = (
					"DEBUG=1",
					"$(inherited)",
				);
				GCC_WARN_64_TO_32_BIT_CONVERSION = YES;
				GCC_WARN_ABOUT_RETURN_TYPE = YES_ERROR;
				GCC_WARN_UNDECLARED_SELECTOR = YES;
				GCC_WARN_UNINITIALIZED_AUTOS = YES_AGGRESSIVE;
				GCC_WARN_UNUSED_FUNCTION = YES;
				GCC_WARN_UNUSED_VARIABLE = YES;
				IPHONEOS_DEPLOYMENT_TARGET = 10.0;
				MTL_ENABLE_DEBUG_INFO = YES;
				ONLY_ACTIVE_ARCH = YES;
				SDKROOT = iphoneos;
				SWIFT_ACTIVE_COMPILATION_CONDITIONS = DEBUG;
				SWIFT_OPTIMIZATION_LEVEL = "-Onone";
			};
			name = Debug;
		};
		01A974E71DCB39BD00B522CD /* Release */ = {
			isa = XCBuildConfiguration;
			buildSettings = {
				ALWAYS_SEARCH_USER_PATHS = NO;
				CLANG_ANALYZER_LOCALIZABILITY_NONLOCALIZED = YES;
				CLANG_ANALYZER_NONNULL = YES;
				CLANG_CXX_LANGUAGE_STANDARD = "gnu++0x";
				CLANG_CXX_LIBRARY = "libc++";
				CLANG_ENABLE_MODULES = YES;
				CLANG_ENABLE_OBJC_ARC = YES;
				CLANG_WARN_BOOL_CONVERSION = YES;
				CLANG_WARN_CONSTANT_CONVERSION = YES;
				CLANG_WARN_DIRECT_OBJC_ISA_USAGE = YES_ERROR;
				CLANG_WARN_DOCUMENTATION_COMMENTS = YES;
				CLANG_WARN_EMPTY_BODY = YES;
				CLANG_WARN_ENUM_CONVERSION = YES;
				CLANG_WARN_INFINITE_RECURSION = YES;
				CLANG_WARN_INT_CONVERSION = YES;
				CLANG_WARN_OBJC_ROOT_CLASS = YES_ERROR;
				CLANG_WARN_SUSPICIOUS_MOVE = YES;
				CLANG_WARN_SUSPICIOUS_MOVES = YES;
				CLANG_WARN_UNREACHABLE_CODE = YES;
				CLANG_WARN__DUPLICATE_METHOD_MATCH = YES;
				"CODE_SIGN_IDENTITY[sdk=iphoneos*]" = "iPhone Developer";
				COPY_PHASE_STRIP = NO;
				DEBUG_INFORMATION_FORMAT = "dwarf-with-dsym";
				ENABLE_NS_ASSERTIONS = NO;
				ENABLE_STRICT_OBJC_MSGSEND = YES;
				GCC_C_LANGUAGE_STANDARD = gnu99;
				GCC_NO_COMMON_BLOCKS = YES;
				GCC_WARN_64_TO_32_BIT_CONVERSION = YES;
				GCC_WARN_ABOUT_RETURN_TYPE = YES_ERROR;
				GCC_WARN_UNDECLARED_SELECTOR = YES;
				GCC_WARN_UNINITIALIZED_AUTOS = YES_AGGRESSIVE;
				GCC_WARN_UNUSED_FUNCTION = YES;
				GCC_WARN_UNUSED_VARIABLE = YES;
				IPHONEOS_DEPLOYMENT_TARGET = 10.0;
				MTL_ENABLE_DEBUG_INFO = NO;
				SDKROOT = iphoneos;
				SWIFT_OPTIMIZATION_LEVEL = "-Owholemodule";
				VALIDATE_PRODUCT = YES;
			};
			name = Release;
		};
		01A974E91DCB39BD00B522CD /* Debug */ = {
			isa = XCBuildConfiguration;
			baseConfigurationReference = EB6BD8F49A28009EBA02B1A3 /* Pods-myAccountBook.debug.xcconfig */;
			buildSettings = {
				ALWAYS_EMBED_SWIFT_STANDARD_LIBRARIES = YES;
				ASSETCATALOG_COMPILER_APPICON_NAME = AppIcon;
				ASSETCATALOG_COMPILER_LAUNCHIMAGE_NAME = LaunchImage;
				"CODE_SIGN_IDENTITY[sdk=iphoneos*]" = "iPhone Developer";
				DEVELOPMENT_TEAM = 43L56WBEZP;
				INFOPLIST_FILE = myAccountBook/Info.plist;
				IPHONEOS_DEPLOYMENT_TARGET = 10.0;
				LD_RUNPATH_SEARCH_PATHS = "$(inherited) @executable_path/Frameworks";
				PRODUCT_BUNDLE_IDENTIFIER = com.frankc.myAccountBook;
				PRODUCT_NAME = "$(TARGET_NAME)";
				SWIFT_VERSION = 3.0;
				TARGETED_DEVICE_FAMILY = 1;
			};
			name = Debug;
		};
		01A974EA1DCB39BD00B522CD /* Release */ = {
			isa = XCBuildConfiguration;
			baseConfigurationReference = 40DF895F42E6C038CA10C933 /* Pods-myAccountBook.release.xcconfig */;
			buildSettings = {
				ALWAYS_EMBED_SWIFT_STANDARD_LIBRARIES = YES;
				ASSETCATALOG_COMPILER_APPICON_NAME = AppIcon;
				ASSETCATALOG_COMPILER_LAUNCHIMAGE_NAME = LaunchImage;
				"CODE_SIGN_IDENTITY[sdk=iphoneos*]" = "iPhone Developer";
				DEVELOPMENT_TEAM = 43L56WBEZP;
				INFOPLIST_FILE = myAccountBook/Info.plist;
				IPHONEOS_DEPLOYMENT_TARGET = 10.0;
				LD_RUNPATH_SEARCH_PATHS = "$(inherited) @executable_path/Frameworks";
				PRODUCT_BUNDLE_IDENTIFIER = com.frankc.myAccountBook;
				PRODUCT_NAME = "$(TARGET_NAME)";
				SWIFT_VERSION = 3.0;
				TARGETED_DEVICE_FAMILY = 1;
			};
			name = Release;
		};
/* End XCBuildConfiguration section */

/* Begin XCConfigurationList section */
		01A974CE1DCB39BD00B522CD /* Build configuration list for PBXProject "myAccountBook" */ = {
			isa = XCConfigurationList;
			buildConfigurations = (
				01A974E61DCB39BD00B522CD /* Debug */,
				01A974E71DCB39BD00B522CD /* Release */,
			);
			defaultConfigurationIsVisible = 0;
			defaultConfigurationName = Release;
		};
		01A974E81DCB39BD00B522CD /* Build configuration list for PBXNativeTarget "myAccountBook" */ = {
			isa = XCConfigurationList;
			buildConfigurations = (
				01A974E91DCB39BD00B522CD /* Debug */,
				01A974EA1DCB39BD00B522CD /* Release */,
			);
			defaultConfigurationIsVisible = 0;
			defaultConfigurationName = Release;
		};
/* End XCConfigurationList section */

/* Begin XCVersionGroup section */
		01A974DD1DCB39BD00B522CD /* myAccountBook.xcdatamodeld */ = {
			isa = XCVersionGroup;
			children = (
				01A974DE1DCB39BD00B522CD /* myAccountBook.xcdatamodel */,
			);
			currentVersion = 01A974DE1DCB39BD00B522CD /* myAccountBook.xcdatamodel */;
			path = myAccountBook.xcdatamodeld;
			sourceTree = "<group>";
			versionGroupType = wrapper.xcdatamodel;
		};
/* End XCVersionGroup section */
	};
	rootObject = 01A974CB1DCB39BD00B522CD /* Project object */;
}
